
Microsoft Visual Studio Solution File, Format Version 12.00
# Visual Studio Version 16
VisualStudioVersion = 16.0.28917.181
MinimumVisualStudioVersion = 10.0.40219.1
Project("{FAE04EC0-301F-11D3-BF4B-00C04F79EFBC}") = "BlazorXafSolution.Module", "BlazorXafSolution.Module\BlazorXafSolution.Module.csproj", "{5F15837D-D1E5-44DC-92F0-4F2EBE9C3F8D}"
EndProject
Project("{9A19103F-16F7-4668-BE54-9A1E7A4F7556}") = "BlazorXafSolution.Blazor", "BlazorXafSolution.Blazor\BlazorXafSolution.Blazor.csproj", "{D3D43C94-6726-4059-8314-4BCBBB966F82}"
EndProject
Global
	GlobalSection(SolutionConfigurationPlatforms) = preSolution
		Debug|Any CPU = Debug|Any CPU
		EasyTest|Any CPU = EasyTest|Any CPU
		Release|Any CPU = Release|Any CPU
	EndGlobalSection
	GlobalSection(ProjectConfigurationPlatforms) = postSolution
		{5F15837D-D1E5-44DC-92F0-4F2EBE9C3F8D}.Debug|Any CPU.ActiveCfg = Debug|Any CPU
		{5F15837D-D1E5-44DC-92F0-4F2EBE9C3F8D}.Debug|Any CPU.Build.0 = Debug|Any CPU
		{5F15837D-D1E5-44DC-92F0-4F2EBE9C3F8D}.EasyTest|Any CPU.ActiveCfg = EasyTest|Any CPU
		{5F15837D-D1E5-44DC-92F0-4F2EBE9C3F8D}.EasyTest|Any CPU.Build.0 = EasyTest|Any CPU
		{5F15837D-D1E5-44DC-92F0-4F2EBE9C3F8D}.Release|Any CPU.ActiveCfg = Release|Any CPU
		{5F15837D-D1E5-44DC-92F0-4F2EBE9C3F8D}.Release|Any CPU.Build.0 = Release|Any CPU
		{D3D43C94-6726-4059-8314-4BCBBB966F82}.Debug|Any CPU.ActiveCfg = Debug|Any CPU
		{D3D43C94-6726-4059-8314-4BCBBB966F82}.Debug|Any CPU.Build.0 = Debug|Any CPU
		{D3D43C94-6726-4059-8314-4BCBBB966F82}.EasyTest|Any CPU.ActiveCfg = Debug|Any CPU
		{D3D43C94-6726-4059-8314-4BCBBB966F82}.EasyTest|Any CPU.Build.0 = Debug|Any CPU
		{D3D43C94-6726-4059-8314-4BCBBB966F82}.Release|Any CPU.ActiveCfg = Release|Any CPU
		{D3D43C94-6726-4059-8314-4BCBBB966F82}.Release|Any CPU.Build.0 = Release|Any CPU
	EndGlobalSection
	GlobalSection(SolutionProperties) = preSolution
		HideSolutionNode = FALSE
	EndGlobalSection
	GlobalSection(ExtensibilityGlobals) = postSolution
		SolutionGuid = {4C4418E7-393F-4074-A74D-C381ACCC84D0}
	EndGlobalSection
EndGlobal
